
Microsoft Visual Studio Solution File, Format Version 12.00
# Visual Studio 14
VisualStudioVersion = 14.0.25420.1
MinimumVisualStudioVersion = 10.0.40219.1
Project("{2150E333-8FDC-42A3-9474-1A3956D46DE8}") = "Common", "Common", "{DEDD70F4-0957-483B-82B5-8A30D6AA4148}"
EndProject
Project("{2150E333-8FDC-42A3-9474-1A3956D46DE8}") = "Communication", "Communication", "{FB063BC5-D1FD-466A-9ABC-C8556A27F872}"
EndProject
Project("{2150E333-8FDC-42A3-9474-1A3956D46DE8}") = "Test", "Test", "{87CA68DF-F7CF-47C2-B267-AFE6D4DFF2A8}"
EndProject
Project("{FAE04EC0-301F-11D3-BF4B-00C04F79EFBC}") = "ARSnovaPPIntegration.Test", "ARSnovaPPIntegration.Test\ARSnovaPPIntegration.Test.csproj", "{655BFD81-68B4-43BA-8F75-83757D66EC98}"
EndProject
Project("{FAE04EC0-301F-11D3-BF4B-00C04F79EFBC}") = "ARSnovaPPIntegration.Communication", "ARSnovaPPIntegration.Communication\ARSnovaPPIntegration.Communication.csproj", "{2E5C6DAB-C772-4EDD-B775-F40395A148A6}"
	ProjectSection(ProjectDependencies) = postProject
		{954ED932-5036-4C37-A58D-3C87753AFD57} = {954ED932-5036-4C37-A58D-3C87753AFD57}
	EndProjectSection
EndProject
Project("{FAE04EC0-301F-11D3-BF4B-00C04F79EFBC}") = "ARSnovaPPIntegration.Common", "ARSnovaPPIntegration.Common\ARSnovaPPIntegration.Common.csproj", "{17C619C1-739F-4CD3-8EFA-97ED743B59ED}"
EndProject
Project("{2150E333-8FDC-42A3-9474-1A3956D46DE8}") = "Presentation", "Presentation", "{7EE5074A-417A-45D7-BF94-D5480B554EBA}"
EndProject
Project("{FAE04EC0-301F-11D3-BF4B-00C04F79EFBC}") = "ARSnovaPPIntegration.Presentation", "ARSnovaPPIntegration.Presentation\ARSnovaPPIntegration.Presentation.csproj", "{11B8F9F1-AF66-4FBD-9387-EECD1D166ADF}"
	ProjectSection(ProjectDependencies) = postProject
		{954ED932-5036-4C37-A58D-3C87753AFD57} = {954ED932-5036-4C37-A58D-3C87753AFD57}
		{3863C834-B716-4844-947B-BBF358A8FB08} = {3863C834-B716-4844-947B-BBF358A8FB08}
		{2E5C6DAB-C772-4EDD-B775-F40395A148A6} = {2E5C6DAB-C772-4EDD-B775-F40395A148A6}
		{92871CB4-6B22-484A-9B19-EBD08608E547} = {92871CB4-6B22-484A-9B19-EBD08608E547}
		{D5C3F7B6-33F9-45B3-B078-89A8C4B13C3C} = {D5C3F7B6-33F9-45B3-B078-89A8C4B13C3C}
		{17C619C1-739F-4CD3-8EFA-97ED743B59ED} = {17C619C1-739F-4CD3-8EFA-97ED743B59ED}
		{441718D1-3EC7-471C-963B-4E9E4B025EAA} = {441718D1-3EC7-471C-963B-4E9E4B025EAA}
		{7186C2F8-5335-46B1-8BEB-9D620080A323} = {7186C2F8-5335-46B1-8BEB-9D620080A323}
		{2872EAFD-FDA2-44BD-83AD-B169B17CB379} = {2872EAFD-FDA2-44BD-83AD-B169B17CB379}
	EndProjectSection
EndProject
Project("{FAE04EC0-301F-11D3-BF4B-00C04F79EFBC}") = "ARSnovaPPIntegration.Common.Contract", "ARSnovaPPIntegration.Common.Contract\ARSnovaPPIntegration.Common.Contract.csproj", "{D5C3F7B6-33F9-45B3-B078-89A8C4B13C3C}"
	ProjectSection(ProjectDependencies) = postProject
		{441718D1-3EC7-471C-963B-4E9E4B025EAA} = {441718D1-3EC7-471C-963B-4E9E4B025EAA}
	EndProjectSection
EndProject
Project("{FAE04EC0-301F-11D3-BF4B-00C04F79EFBC}") = "ARSnovaPPIntegration.Common.Resources", "ARSnovaPPIntegration.Common.Resources\ARSnovaPPIntegration.Common.Resources.csproj", "{441718D1-3EC7-471C-963B-4E9E4B025EAA}"
EndProject
Project("{FAE04EC0-301F-11D3-BF4B-00C04F79EFBC}") = "ARSnovaPPIntegration.Presentation.Configuration", "ARSnovaPPIntegration.Presentation.Configuration\ARSnovaPPIntegration.Presentation.Configuration.csproj", "{7186C2F8-5335-46B1-8BEB-9D620080A323}"
	ProjectSection(ProjectDependencies) = postProject
		{3863C834-B716-4844-947B-BBF358A8FB08} = {3863C834-B716-4844-947B-BBF358A8FB08}
		{92871CB4-6B22-484A-9B19-EBD08608E547} = {92871CB4-6B22-484A-9B19-EBD08608E547}
		{D5C3F7B6-33F9-45B3-B078-89A8C4B13C3C} = {D5C3F7B6-33F9-45B3-B078-89A8C4B13C3C}
		{441718D1-3EC7-471C-963B-4E9E4B025EAA} = {441718D1-3EC7-471C-963B-4E9E4B025EAA}
	EndProjectSection
EndProject
Project("{FAE04EC0-301F-11D3-BF4B-00C04F79EFBC}") = "ARSnovaPPIntegration.Communication.Contract", "ARSnovaPPIntegration.Communication.Contract\ARSnovaPPIntegration.Communication.Contract.csproj", "{954ED932-5036-4C37-A58D-3C87753AFD57}"
EndProject
Project("{FAE04EC0-301F-11D3-BF4B-00C04F79EFBC}") = "ARSnovaPPIntegration.Communication.Model", "ARSnovaPPIntegration.Model\ARSnovaPPIntegration.Communication.Model.csproj", "{3863C834-B716-4844-947B-BBF358A8FB08}"
EndProject
Project("{FAE04EC0-301F-11D3-BF4B-00C04F79EFBC}") = "ARSnovaPPIntegration.Common.Enum", "ARSnovaPPIntegration.Common.Enum\ARSnovaPPIntegration.Common.Enum.csproj", "{92871CB4-6B22-484A-9B19-EBD08608E547}"
EndProject
Project("{2150E333-8FDC-42A3-9474-1A3956D46DE8}") = "Business", "Business", "{D37C3E4F-F430-4B42-BBE6-E63E93BDF64A}"
EndProject
Project("{FAE04EC0-301F-11D3-BF4B-00C04F79EFBC}") = "ARSnovaPPIntegration.Business", "ARSnovaPPIntegration.Business\ARSnovaPPIntegration.Business.csproj", "{2872EAFD-FDA2-44BD-83AD-B169B17CB379}"
EndProject
Project("{FAE04EC0-301F-11D3-BF4B-00C04F79EFBC}") = "ARSnovaPPIntegration.Business.Contract", "ARSnovaPPIntegration.Business.Contract\ARSnovaPPIntegration.Business.Contract.csproj", "{8130FB8D-5FDA-4784-819E-A8D6E7D4A36D}"
EndProject
Project("{FAE04EC0-301F-11D3-BF4B-00C04F79EFBC}") = "ARSnovaPPIntegration.Business.Model", "ARSnovaPPIntegration.Business.Model\ARSnovaPPIntegration.Business.Model.csproj", "{16BC9184-CB84-4F13-B7E5-C3D4F21D5B59}"
EndProject
Global
	GlobalSection(SolutionConfigurationPlatforms) = preSolution
		Debug|Any CPU = Debug|Any CPU
		Release|Any CPU = Release|Any CPU
	EndGlobalSection
	GlobalSection(ProjectConfigurationPlatforms) = postSolution
		{655BFD81-68B4-43BA-8F75-83757D66EC98}.Debug|Any CPU.ActiveCfg = Debug|Any CPU
		{655BFD81-68B4-43BA-8F75-83757D66EC98}.Debug|Any CPU.Build.0 = Debug|Any CPU
		{655BFD81-68B4-43BA-8F75-83757D66EC98}.Release|Any CPU.ActiveCfg = Release|Any CPU
		{655BFD81-68B4-43BA-8F75-83757D66EC98}.Release|Any CPU.Build.0 = Release|Any CPU
		{2E5C6DAB-C772-4EDD-B775-F40395A148A6}.Debug|Any CPU.ActiveCfg = Debug|Any CPU
		{2E5C6DAB-C772-4EDD-B775-F40395A148A6}.Debug|Any CPU.Build.0 = Debug|Any CPU
		{2E5C6DAB-C772-4EDD-B775-F40395A148A6}.Release|Any CPU.ActiveCfg = Release|Any CPU
		{2E5C6DAB-C772-4EDD-B775-F40395A148A6}.Release|Any CPU.Build.0 = Release|Any CPU
		{17C619C1-739F-4CD3-8EFA-97ED743B59ED}.Debug|Any CPU.ActiveCfg = Debug|Any CPU
		{17C619C1-739F-4CD3-8EFA-97ED743B59ED}.Debug|Any CPU.Build.0 = Debug|Any CPU
		{17C619C1-739F-4CD3-8EFA-97ED743B59ED}.Release|Any CPU.ActiveCfg = Release|Any CPU
		{17C619C1-739F-4CD3-8EFA-97ED743B59ED}.Release|Any CPU.Build.0 = Release|Any CPU
		{11B8F9F1-AF66-4FBD-9387-EECD1D166ADF}.Debug|Any CPU.ActiveCfg = Debug|Any CPU
		{11B8F9F1-AF66-4FBD-9387-EECD1D166ADF}.Debug|Any CPU.Build.0 = Debug|Any CPU
		{11B8F9F1-AF66-4FBD-9387-EECD1D166ADF}.Release|Any CPU.ActiveCfg = Release|Any CPU
		{11B8F9F1-AF66-4FBD-9387-EECD1D166ADF}.Release|Any CPU.Build.0 = Release|Any CPU
		{D5C3F7B6-33F9-45B3-B078-89A8C4B13C3C}.Debug|Any CPU.ActiveCfg = Debug|Any CPU
		{D5C3F7B6-33F9-45B3-B078-89A8C4B13C3C}.Debug|Any CPU.Build.0 = Debug|Any CPU
		{D5C3F7B6-33F9-45B3-B078-89A8C4B13C3C}.Release|Any CPU.ActiveCfg = Release|Any CPU
		{D5C3F7B6-33F9-45B3-B078-89A8C4B13C3C}.Release|Any CPU.Build.0 = Release|Any CPU
		{441718D1-3EC7-471C-963B-4E9E4B025EAA}.Debug|Any CPU.ActiveCfg = Debug|Any CPU
		{441718D1-3EC7-471C-963B-4E9E4B025EAA}.Debug|Any CPU.Build.0 = Debug|Any CPU
		{441718D1-3EC7-471C-963B-4E9E4B025EAA}.Release|Any CPU.ActiveCfg = Release|Any CPU
		{441718D1-3EC7-471C-963B-4E9E4B025EAA}.Release|Any CPU.Build.0 = Release|Any CPU
		{7186C2F8-5335-46B1-8BEB-9D620080A323}.Debug|Any CPU.ActiveCfg = Debug|Any CPU
		{7186C2F8-5335-46B1-8BEB-9D620080A323}.Debug|Any CPU.Build.0 = Debug|Any CPU
		{7186C2F8-5335-46B1-8BEB-9D620080A323}.Release|Any CPU.ActiveCfg = Release|Any CPU
		{7186C2F8-5335-46B1-8BEB-9D620080A323}.Release|Any CPU.Build.0 = Release|Any CPU
		{954ED932-5036-4C37-A58D-3C87753AFD57}.Debug|Any CPU.ActiveCfg = Debug|Any CPU
		{954ED932-5036-4C37-A58D-3C87753AFD57}.Debug|Any CPU.Build.0 = Debug|Any CPU
		{954ED932-5036-4C37-A58D-3C87753AFD57}.Release|Any CPU.ActiveCfg = Release|Any CPU
		{954ED932-5036-4C37-A58D-3C87753AFD57}.Release|Any CPU.Build.0 = Release|Any CPU
		{3863C834-B716-4844-947B-BBF358A8FB08}.Debug|Any CPU.ActiveCfg = Debug|Any CPU
		{3863C834-B716-4844-947B-BBF358A8FB08}.Debug|Any CPU.Build.0 = Debug|Any CPU
		{3863C834-B716-4844-947B-BBF358A8FB08}.Release|Any CPU.ActiveCfg = Release|Any CPU
		{3863C834-B716-4844-947B-BBF358A8FB08}.Release|Any CPU.Build.0 = Release|Any CPU
		{92871CB4-6B22-484A-9B19-EBD08608E547}.Debug|Any CPU.ActiveCfg = Debug|Any CPU
		{92871CB4-6B22-484A-9B19-EBD08608E547}.Debug|Any CPU.Build.0 = Debug|Any CPU
		{92871CB4-6B22-484A-9B19-EBD08608E547}.Release|Any CPU.ActiveCfg = Release|Any CPU
		{92871CB4-6B22-484A-9B19-EBD08608E547}.Release|Any CPU.Build.0 = Release|Any CPU
		{2872EAFD-FDA2-44BD-83AD-B169B17CB379}.Debug|Any CPU.ActiveCfg = Debug|Any CPU
		{2872EAFD-FDA2-44BD-83AD-B169B17CB379}.Debug|Any CPU.Build.0 = Debug|Any CPU
		{2872EAFD-FDA2-44BD-83AD-B169B17CB379}.Release|Any CPU.ActiveCfg = Release|Any CPU
		{2872EAFD-FDA2-44BD-83AD-B169B17CB379}.Release|Any CPU.Build.0 = Release|Any CPU
		{8130FB8D-5FDA-4784-819E-A8D6E7D4A36D}.Debug|Any CPU.ActiveCfg = Debug|Any CPU
		{8130FB8D-5FDA-4784-819E-A8D6E7D4A36D}.Debug|Any CPU.Build.0 = Debug|Any CPU
		{8130FB8D-5FDA-4784-819E-A8D6E7D4A36D}.Release|Any CPU.ActiveCfg = Release|Any CPU
		{8130FB8D-5FDA-4784-819E-A8D6E7D4A36D}.Release|Any CPU.Build.0 = Release|Any CPU
		{16BC9184-CB84-4F13-B7E5-C3D4F21D5B59}.Debug|Any CPU.ActiveCfg = Debug|Any CPU
		{16BC9184-CB84-4F13-B7E5-C3D4F21D5B59}.Debug|Any CPU.Build.0 = Debug|Any CPU
		{16BC9184-CB84-4F13-B7E5-C3D4F21D5B59}.Release|Any CPU.ActiveCfg = Release|Any CPU
		{16BC9184-CB84-4F13-B7E5-C3D4F21D5B59}.Release|Any CPU.Build.0 = Release|Any CPU
	EndGlobalSection
	GlobalSection(SolutionProperties) = preSolution
		HideSolutionNode = FALSE
	EndGlobalSection
	GlobalSection(NestedProjects) = preSolution
		{655BFD81-68B4-43BA-8F75-83757D66EC98} = {87CA68DF-F7CF-47C2-B267-AFE6D4DFF2A8}
		{2E5C6DAB-C772-4EDD-B775-F40395A148A6} = {FB063BC5-D1FD-466A-9ABC-C8556A27F872}
		{17C619C1-739F-4CD3-8EFA-97ED743B59ED} = {DEDD70F4-0957-483B-82B5-8A30D6AA4148}
		{11B8F9F1-AF66-4FBD-9387-EECD1D166ADF} = {7EE5074A-417A-45D7-BF94-D5480B554EBA}
		{D5C3F7B6-33F9-45B3-B078-89A8C4B13C3C} = {DEDD70F4-0957-483B-82B5-8A30D6AA4148}
		{441718D1-3EC7-471C-963B-4E9E4B025EAA} = {DEDD70F4-0957-483B-82B5-8A30D6AA4148}
		{7186C2F8-5335-46B1-8BEB-9D620080A323} = {7EE5074A-417A-45D7-BF94-D5480B554EBA}
		{954ED932-5036-4C37-A58D-3C87753AFD57} = {FB063BC5-D1FD-466A-9ABC-C8556A27F872}
		{3863C834-B716-4844-947B-BBF358A8FB08} = {FB063BC5-D1FD-466A-9ABC-C8556A27F872}
		{92871CB4-6B22-484A-9B19-EBD08608E547} = {DEDD70F4-0957-483B-82B5-8A30D6AA4148}
		{2872EAFD-FDA2-44BD-83AD-B169B17CB379} = {D37C3E4F-F430-4B42-BBE6-E63E93BDF64A}
		{8130FB8D-5FDA-4784-819E-A8D6E7D4A36D} = {D37C3E4F-F430-4B42-BBE6-E63E93BDF64A}
		{16BC9184-CB84-4F13-B7E5-C3D4F21D5B59} = {D37C3E4F-F430-4B42-BBE6-E63E93BDF64A}
	EndGlobalSection
EndGlobal
